
Microsoft Visual Studio Solution File, Format Version 12.00
# Visual Studio Version 17
VisualStudioVersion = 17.2.32616.157
MinimumVisualStudioVersion = 10.0.40219.1
Project("{9A19103F-16F7-4668-BE54-9A1E7A4F7556}") = "Application", "Application\Application.csproj", "{EE2250C4-0AC7-4DB3-A16F-A00CB7C68291}"
EndProject
Project("{FAE04EC0-301F-11D3-BF4B-00C04F79EFBC}") = "Core", "Core\Core.csproj", "{C5E53E6F-39ED-49E0-B7A1-FE44B86104D7}"
EndProject
Project("{FAE04EC0-301F-11D3-BF4B-00C04F79EFBC}") = "Infraestructure", "Infraestructure\Infraestructure.csproj", "{1B64DC9E-82AA-4BB8-BED6-456F8D95BEF4}"
EndProject
Project("{FAE04EC0-301F-11D3-BF4B-00C04F79EFBC}") = "IoC", "IoC\IoC.csproj", "{735CB8F2-A3D6-4B2F-B018-EA1D7323CE86}"
EndProject
Global
	GlobalSection(SolutionConfigurationPlatforms) = preSolution
		Debug|Any CPU = Debug|Any CPU
		Release|Any CPU = Release|Any CPU
	EndGlobalSection
	GlobalSection(ProjectConfigurationPlatforms) = postSolution
		{EE2250C4-0AC7-4DB3-A16F-A00CB7C68291}.Debug|Any CPU.ActiveCfg = Debug|Any CPU
		{EE2250C4-0AC7-4DB3-A16F-A00CB7C68291}.Debug|Any CPU.Build.0 = Debug|Any CPU
		{EE2250C4-0AC7-4DB3-A16F-A00CB7C68291}.Release|Any CPU.ActiveCfg = Release|Any CPU
		{EE2250C4-0AC7-4DB3-A16F-A00CB7C68291}.Release|Any CPU.Build.0 = Release|Any CPU
		{C5E53E6F-39ED-49E0-B7A1-FE44B86104D7}.Debug|Any CPU.ActiveCfg = Debug|Any CPU
		{C5E53E6F-39ED-49E0-B7A1-FE44B86104D7}.Debug|Any CPU.Build.0 = Debug|Any CPU
		{C5E53E6F-39ED-49E0-B7A1-FE44B86104D7}.Release|Any CPU.ActiveCfg = Release|Any CPU
		{C5E53E6F-39ED-49E0-B7A1-FE44B86104D7}.Release|Any CPU.Build.0 = Release|Any CPU
		{1B64DC9E-82AA-4BB8-BED6-456F8D95BEF4}.Debug|Any CPU.ActiveCfg = Debug|Any CPU
		{1B64DC9E-82AA-4BB8-BED6-456F8D95BEF4}.Debug|Any CPU.Build.0 = Debug|Any CPU
		{1B64DC9E-82AA-4BB8-BED6-456F8D95BEF4}.Release|Any CPU.ActiveCfg = Release|Any CPU
		{1B64DC9E-82AA-4BB8-BED6-456F8D95BEF4}.Release|Any CPU.Build.0 = Release|Any CPU
		{735CB8F2-A3D6-4B2F-B018-EA1D7323CE86}.Debug|Any CPU.ActiveCfg = Debug|Any CPU
		{735CB8F2-A3D6-4B2F-B018-EA1D7323CE86}.Debug|Any CPU.Build.0 = Debug|Any CPU
		{735CB8F2-A3D6-4B2F-B018-EA1D7323CE86}.Release|Any CPU.ActiveCfg = Release|Any CPU
		{735CB8F2-A3D6-4B2F-B018-EA1D7323CE86}.Release|Any CPU.Build.0 = Release|Any CPU
	EndGlobalSection
	GlobalSection(SolutionProperties) = preSolution
		HideSolutionNode = FALSE
	EndGlobalSection
	GlobalSection(ExtensibilityGlobals) = postSolution
		SolutionGuid = {75CB4810-D2CB-47AE-A355-DFF9F79A71B2}
	EndGlobalSection
EndGlobal
