
Microsoft Visual Studio Solution File, Format Version 12.00
# Visual Studio Version 17
VisualStudioVersion = 17.0.31903.59
MinimumVisualStudioVersion = 10.0.40219.1
Project("{FAE04EC0-301F-11D3-BF4B-00C04F79EFBC}") = "Domain", "Domain\Domain.csproj", "{F06A9075-8F9F-43C3-B812-835CF9C0E567}"
EndProject
Project("{FAE04EC0-301F-11D3-BF4B-00C04F79EFBC}") = "Infraestructure", "Infraestructure\Infraestructure.csproj", "{92716754-0B75-4B1C-A7C1-81182D5517C0}"
EndProject
Project("{FAE04EC0-301F-11D3-BF4B-00C04F79EFBC}") = "Application", "Application\Application.csproj", "{9D010656-69DF-4710-B672-AA3C7628F05B}"
EndProject
Project("{FAE04EC0-301F-11D3-BF4B-00C04F79EFBC}") = "IoC", "IoC\IoC.csproj", "{F4516FD1-6220-4C1F-AAE0-E87FEC57D831}"
EndProject
Project("{FAE04EC0-301F-11D3-BF4B-00C04F79EFBC}") = "WebAPI", "WebAPI\WebAPI.csproj", "{BD0883A6-4DBA-4FC5-8EB7-CCFF96BE26B5}"
EndProject
Global
	GlobalSection(SolutionConfigurationPlatforms) = preSolution
		Debug|Any CPU = Debug|Any CPU
		Release|Any CPU = Release|Any CPU
	EndGlobalSection
	GlobalSection(SolutionProperties) = preSolution
		HideSolutionNode = FALSE
	EndGlobalSection
	GlobalSection(ProjectConfigurationPlatforms) = postSolution
		{F06A9075-8F9F-43C3-B812-835CF9C0E567}.Debug|Any CPU.ActiveCfg = Debug|Any CPU
		{F06A9075-8F9F-43C3-B812-835CF9C0E567}.Debug|Any CPU.Build.0 = Debug|Any CPU
		{F06A9075-8F9F-43C3-B812-835CF9C0E567}.Release|Any CPU.ActiveCfg = Release|Any CPU
		{F06A9075-8F9F-43C3-B812-835CF9C0E567}.Release|Any CPU.Build.0 = Release|Any CPU
		{92716754-0B75-4B1C-A7C1-81182D5517C0}.Debug|Any CPU.ActiveCfg = Debug|Any CPU
		{92716754-0B75-4B1C-A7C1-81182D5517C0}.Debug|Any CPU.Build.0 = Debug|Any CPU
		{92716754-0B75-4B1C-A7C1-81182D5517C0}.Release|Any CPU.ActiveCfg = Release|Any CPU
		{92716754-0B75-4B1C-A7C1-81182D5517C0}.Release|Any CPU.Build.0 = Release|Any CPU
		{9D010656-69DF-4710-B672-AA3C7628F05B}.Debug|Any CPU.ActiveCfg = Debug|Any CPU
		{9D010656-69DF-4710-B672-AA3C7628F05B}.Debug|Any CPU.Build.0 = Debug|Any CPU
		{9D010656-69DF-4710-B672-AA3C7628F05B}.Release|Any CPU.ActiveCfg = Release|Any CPU
		{9D010656-69DF-4710-B672-AA3C7628F05B}.Release|Any CPU.Build.0 = Release|Any CPU
		{F4516FD1-6220-4C1F-AAE0-E87FEC57D831}.Debug|Any CPU.ActiveCfg = Debug|Any CPU
		{F4516FD1-6220-4C1F-AAE0-E87FEC57D831}.Debug|Any CPU.Build.0 = Debug|Any CPU
		{F4516FD1-6220-4C1F-AAE0-E87FEC57D831}.Release|Any CPU.ActiveCfg = Release|Any CPU
		{F4516FD1-6220-4C1F-AAE0-E87FEC57D831}.Release|Any CPU.Build.0 = Release|Any CPU
		{BD0883A6-4DBA-4FC5-8EB7-CCFF96BE26B5}.Debug|Any CPU.ActiveCfg = Debug|Any CPU
		{BD0883A6-4DBA-4FC5-8EB7-CCFF96BE26B5}.Debug|Any CPU.Build.0 = Debug|Any CPU
		{BD0883A6-4DBA-4FC5-8EB7-CCFF96BE26B5}.Release|Any CPU.ActiveCfg = Release|Any CPU
		{BD0883A6-4DBA-4FC5-8EB7-CCFF96BE26B5}.Release|Any CPU.Build.0 = Release|Any CPU
	EndGlobalSection
EndGlobal
