
Microsoft Visual Studio Solution File, Format Version 12.00
# Visual Studio Version 16
VisualStudioVersion = 16.0.30114.105
MinimumVisualStudioVersion = 10.0.40219.1
Project("{FAE04EC0-301F-11D3-BF4B-00C04F79EFBC}") = "WebAPI", "WebAPI\WebAPI.csproj", "{72051B2A-CFD2-4FF9-BA6E-F67463DC3EE9}"
EndProject
Project("{FAE04EC0-301F-11D3-BF4B-00C04F79EFBC}") = "IoC", "IoC\IoC.csproj", "{A2F0A0BB-19BC-4F50-A5A3-0468252AE199}"
EndProject
Project("{FAE04EC0-301F-11D3-BF4B-00C04F79EFBC}") = "Core", "Core\Core.csproj", "{91296C5E-C4BF-4A9B-AAB6-D0CD3D854EFF}"
EndProject
Project("{FAE04EC0-301F-11D3-BF4B-00C04F79EFBC}") = "Infraestructure", "Infraestructure\Infraestructure.csproj", "{0DD013AD-2CDA-433F-9C3A-7A4C202DFAFF}"
EndProject
Global
	GlobalSection(SolutionConfigurationPlatforms) = preSolution
		Debug|Any CPU = Debug|Any CPU
		Release|Any CPU = Release|Any CPU
	EndGlobalSection
	GlobalSection(SolutionProperties) = preSolution
		HideSolutionNode = FALSE
	EndGlobalSection
	GlobalSection(ProjectConfigurationPlatforms) = postSolution
		{72051B2A-CFD2-4FF9-BA6E-F67463DC3EE9}.Debug|Any CPU.ActiveCfg = Debug|Any CPU
		{72051B2A-CFD2-4FF9-BA6E-F67463DC3EE9}.Debug|Any CPU.Build.0 = Debug|Any CPU
		{72051B2A-CFD2-4FF9-BA6E-F67463DC3EE9}.Release|Any CPU.ActiveCfg = Release|Any CPU
		{72051B2A-CFD2-4FF9-BA6E-F67463DC3EE9}.Release|Any CPU.Build.0 = Release|Any CPU
		{A2F0A0BB-19BC-4F50-A5A3-0468252AE199}.Debug|Any CPU.ActiveCfg = Debug|Any CPU
		{A2F0A0BB-19BC-4F50-A5A3-0468252AE199}.Debug|Any CPU.Build.0 = Debug|Any CPU
		{A2F0A0BB-19BC-4F50-A5A3-0468252AE199}.Release|Any CPU.ActiveCfg = Release|Any CPU
		{A2F0A0BB-19BC-4F50-A5A3-0468252AE199}.Release|Any CPU.Build.0 = Release|Any CPU
		{91296C5E-C4BF-4A9B-AAB6-D0CD3D854EFF}.Debug|Any CPU.ActiveCfg = Debug|Any CPU
		{91296C5E-C4BF-4A9B-AAB6-D0CD3D854EFF}.Debug|Any CPU.Build.0 = Debug|Any CPU
		{91296C5E-C4BF-4A9B-AAB6-D0CD3D854EFF}.Release|Any CPU.ActiveCfg = Release|Any CPU
		{91296C5E-C4BF-4A9B-AAB6-D0CD3D854EFF}.Release|Any CPU.Build.0 = Release|Any CPU
		{0DD013AD-2CDA-433F-9C3A-7A4C202DFAFF}.Debug|Any CPU.ActiveCfg = Debug|Any CPU
		{0DD013AD-2CDA-433F-9C3A-7A4C202DFAFF}.Debug|Any CPU.Build.0 = Debug|Any CPU
		{0DD013AD-2CDA-433F-9C3A-7A4C202DFAFF}.Release|Any CPU.ActiveCfg = Release|Any CPU
		{0DD013AD-2CDA-433F-9C3A-7A4C202DFAFF}.Release|Any CPU.Build.0 = Release|Any CPU
	EndGlobalSection
EndGlobal
